
Microsoft Visual Studio Solution File, Format Version 12.00
# Visual Studio Version 17
VisualStudioVersion = 17.5.002.0
MinimumVisualStudioVersion = 10.0.40219.1
Project("{9A19103F-16F7-4668-BE54-9A1E7A4F7556}") = "hex-parser", "hex-parser.csproj", "{94126D79-B765-470C-8871-8F24181AF2B3}"
EndProject
Global
	GlobalSection(SolutionConfigurationPlatforms) = preSolution
		Debug|Any CPU = Debug|Any CPU
		Release|Any CPU = Release|Any CPU
	EndGlobalSection
	GlobalSection(ProjectConfigurationPlatforms) = postSolution
		{94126D79-B765-470C-8871-8F24181AF2B3}.Debug|Any CPU.ActiveCfg = Debug|Any CPU
		{94126D79-B765-470C-8871-8F24181AF2B3}.Debug|Any CPU.Build.0 = Debug|Any CPU
		{94126D79-B765-470C-8871-8F24181AF2B3}.Release|Any CPU.ActiveCfg = Release|Any CPU
		{94126D79-B765-470C-8871-8F24181AF2B3}.Release|Any CPU.Build.0 = Release|Any CPU
	EndGlobalSection
	GlobalSection(SolutionProperties) = preSolution
		HideSolutionNode = FALSE
	EndGlobalSection
	GlobalSection(ExtensibilityGlobals) = postSolution
		SolutionGuid = {DB4C3A3B-BB9D-4545-BB41-1915BD44C534}
	EndGlobalSection
EndGlobal
